
Microsoft Visual Studio Solution File, Format Version 12.00
# Visual Studio Version 17
VisualStudioVersion = 17.2.32505.173
MinimumVisualStudioVersion = 10.0.40219.1
Project("{9A19103F-16F7-4668-BE54-9A1E7A4F7556}") = "GetInstance", "GetInstance\GetInstance.csproj", "{E1668118-C65D-4F16-9A84-B7D33683925A}"
EndProject
Project("{9A19103F-16F7-4668-BE54-9A1E7A4F7556}") = "SubmitInstance", "SubmitInstance\SubmitInstance.csproj", "{0ABC0753-E61D-4B5B-8176-C77B0F83B775}"
EndProject
Project("{FAE04EC0-301F-11D3-BF4B-00C04F79EFBC}") = "GetInstance.Test", "GetInstance.Test\GetInstance.Test.csproj", "{AF1C4491-13D0-4BF6-AA0D-3DDE27132AEB}"
EndProject
Global
	GlobalSection(SolutionConfigurationPlatforms) = preSolution
		Debug|Any CPU = Debug|Any CPU
		Release|Any CPU = Release|Any CPU
	EndGlobalSection
	GlobalSection(ProjectConfigurationPlatforms) = postSolution
		{E1668118-C65D-4F16-9A84-B7D33683925A}.Debug|Any CPU.ActiveCfg = Debug|Any CPU
		{E1668118-C65D-4F16-9A84-B7D33683925A}.Debug|Any CPU.Build.0 = Debug|Any CPU
		{E1668118-C65D-4F16-9A84-B7D33683925A}.Release|Any CPU.ActiveCfg = Release|Any CPU
		{E1668118-C65D-4F16-9A84-B7D33683925A}.Release|Any CPU.Build.0 = Release|Any CPU
		{0ABC0753-E61D-4B5B-8176-C77B0F83B775}.Debug|Any CPU.ActiveCfg = Debug|Any CPU
		{0ABC0753-E61D-4B5B-8176-C77B0F83B775}.Debug|Any CPU.Build.0 = Debug|Any CPU
		{0ABC0753-E61D-4B5B-8176-C77B0F83B775}.Release|Any CPU.ActiveCfg = Release|Any CPU
		{0ABC0753-E61D-4B5B-8176-C77B0F83B775}.Release|Any CPU.Build.0 = Release|Any CPU
		{AF1C4491-13D0-4BF6-AA0D-3DDE27132AEB}.Debug|Any CPU.ActiveCfg = Debug|Any CPU
		{AF1C4491-13D0-4BF6-AA0D-3DDE27132AEB}.Debug|Any CPU.Build.0 = Debug|Any CPU
		{AF1C4491-13D0-4BF6-AA0D-3DDE27132AEB}.Release|Any CPU.ActiveCfg = Release|Any CPU
		{AF1C4491-13D0-4BF6-AA0D-3DDE27132AEB}.Release|Any CPU.Build.0 = Release|Any CPU
	EndGlobalSection
	GlobalSection(SolutionProperties) = preSolution
		HideSolutionNode = FALSE
	EndGlobalSection
	GlobalSection(ExtensibilityGlobals) = postSolution
		SolutionGuid = {55E37CE4-FDF2-4FAB-ABFD-4DE0B03EE052}
	EndGlobalSection
EndGlobal
