
Microsoft Visual Studio Solution File, Format Version 12.00
# Visual Studio Version 17
VisualStudioVersion = 17.2.32505.173
MinimumVisualStudioVersion = 10.0.40219.1
Project("{778DAE3C-4631-46EA-AA77-85C1314464D9}") = "GetInstance", "GetInstance\GetInstance.vbproj", "{386E1ABE-0B56-4BA7-B539-5CB1656B2440}"
EndProject
Project("{D954291E-2A0B-460D-934E-DC6B0785DB48}") = "SharedProject1", "SharedProject1\SharedProject1.shproj", "{31171178-A405-4D9F-92A2-5E28792F368E}"
EndProject
Global
	GlobalSection(SolutionConfigurationPlatforms) = preSolution
		Debug|Any CPU = Debug|Any CPU
		Release|Any CPU = Release|Any CPU
	EndGlobalSection
	GlobalSection(ProjectConfigurationPlatforms) = postSolution
		{386E1ABE-0B56-4BA7-B539-5CB1656B2440}.Debug|Any CPU.ActiveCfg = Debug|Any CPU
		{386E1ABE-0B56-4BA7-B539-5CB1656B2440}.Debug|Any CPU.Build.0 = Debug|Any CPU
		{386E1ABE-0B56-4BA7-B539-5CB1656B2440}.Release|Any CPU.ActiveCfg = Release|Any CPU
		{386E1ABE-0B56-4BA7-B539-5CB1656B2440}.Release|Any CPU.Build.0 = Release|Any CPU
	EndGlobalSection
	GlobalSection(SolutionProperties) = preSolution
		HideSolutionNode = FALSE
	EndGlobalSection
	GlobalSection(ExtensibilityGlobals) = postSolution
		SolutionGuid = {45E9B7CB-AF5B-4A24-B632-B07A272F9038}
	EndGlobalSection
	GlobalSection(SharedMSBuildProjectFiles) = preSolution
		SharedProject1\SharedProject1.projitems*{31171178-a405-4d9f-92a2-5e28792f368e}*SharedItemsImports = 13
		SharedProject1\SharedProject1.projitems*{386e1abe-0b56-4ba7-b539-5cb1656b2440}*SharedItemsImports = 5
	EndGlobalSection
EndGlobal
